
Microsoft Visual Studio Solution File, Format Version 12.00
# Visual Studio 15
VisualStudioVersion = 15.0.28010.2041
MinimumVisualStudioVersion = 10.0.40219.1
Project("{FAE04EC0-301F-11D3-BF4B-00C04F79EFBC}") = "NorthwindDeneme", "NorthwindDeneme\NorthwindDeneme.csproj", "{EC530AEF-D7EA-4594-AD1C-56931349BA70}"
EndProject
Project("{FAE04EC0-301F-11D3-BF4B-00C04F79EFBC}") = "Northwind.Entities", "Northwind.Entities\Northwind.Entities.csproj", "{1130BB50-6EC6-4731-9481-5954C956030F}"
EndProject
Project("{FAE04EC0-301F-11D3-BF4B-00C04F79EFBC}") = "Northwind.DataAccess", "Northwind.DataAccess\Northwind.DataAccess.csproj", "{FC50F489-52A4-4CDA-AF54-7539C9D3CC7F}"
EndProject
Project("{FAE04EC0-301F-11D3-BF4B-00C04F79EFBC}") = "Northwin.Business", "Northwin.Business\Northwin.Business.csproj", "{CAD4D729-B768-4D37-A035-6FCD41340FFD}"
EndProject
Global
	GlobalSection(SolutionConfigurationPlatforms) = preSolution
		Debug|Any CPU = Debug|Any CPU
		Release|Any CPU = Release|Any CPU
	EndGlobalSection
	GlobalSection(ProjectConfigurationPlatforms) = postSolution
		{EC530AEF-D7EA-4594-AD1C-56931349BA70}.Debug|Any CPU.ActiveCfg = Debug|Any CPU
		{EC530AEF-D7EA-4594-AD1C-56931349BA70}.Debug|Any CPU.Build.0 = Debug|Any CPU
		{EC530AEF-D7EA-4594-AD1C-56931349BA70}.Release|Any CPU.ActiveCfg = Release|Any CPU
		{EC530AEF-D7EA-4594-AD1C-56931349BA70}.Release|Any CPU.Build.0 = Release|Any CPU
		{1130BB50-6EC6-4731-9481-5954C956030F}.Debug|Any CPU.ActiveCfg = Debug|Any CPU
		{1130BB50-6EC6-4731-9481-5954C956030F}.Debug|Any CPU.Build.0 = Debug|Any CPU
		{1130BB50-6EC6-4731-9481-5954C956030F}.Release|Any CPU.ActiveCfg = Release|Any CPU
		{1130BB50-6EC6-4731-9481-5954C956030F}.Release|Any CPU.Build.0 = Release|Any CPU
		{FC50F489-52A4-4CDA-AF54-7539C9D3CC7F}.Debug|Any CPU.ActiveCfg = Debug|Any CPU
		{FC50F489-52A4-4CDA-AF54-7539C9D3CC7F}.Debug|Any CPU.Build.0 = Debug|Any CPU
		{FC50F489-52A4-4CDA-AF54-7539C9D3CC7F}.Release|Any CPU.ActiveCfg = Release|Any CPU
		{FC50F489-52A4-4CDA-AF54-7539C9D3CC7F}.Release|Any CPU.Build.0 = Release|Any CPU
		{CAD4D729-B768-4D37-A035-6FCD41340FFD}.Debug|Any CPU.ActiveCfg = Debug|Any CPU
		{CAD4D729-B768-4D37-A035-6FCD41340FFD}.Debug|Any CPU.Build.0 = Debug|Any CPU
		{CAD4D729-B768-4D37-A035-6FCD41340FFD}.Release|Any CPU.ActiveCfg = Release|Any CPU
		{CAD4D729-B768-4D37-A035-6FCD41340FFD}.Release|Any CPU.Build.0 = Release|Any CPU
	EndGlobalSection
	GlobalSection(SolutionProperties) = preSolution
		HideSolutionNode = FALSE
	EndGlobalSection
	GlobalSection(ExtensibilityGlobals) = postSolution
		SolutionGuid = {0F178B70-0174-4FEE-A08D-872DED2EDC31}
	EndGlobalSection
EndGlobal
